// !$*UTF8*$!
{
	archiveVersion = 1;
	classes = {
	};
	objectVersion = 55;
	objects = {

/* Begin PBXBuildFile section */
		2022E6FEF50962EB89F5C8FB /* Pods_PractiseSwiftTests.framework in Frameworks */ = {isa = PBXBuildFile; fileRef = 004011F7E90820F9AA85244A /* Pods_PractiseSwiftTests.framework */; };
		468A455439D198256DA87229 /* Pods_PractiseSwift_PractiseSwiftUITests.framework in Frameworks */ = {isa = PBXBuildFile; fileRef = 8E62929A91923ED13016793D /* Pods_PractiseSwift_PractiseSwiftUITests.framework */; };
		E630A534299D16C6001FBFD0 /* BusinessFramework.swift in Sources */ = {isa = PBXBuildFile; fileRef = E630A533299D16C6001FBFD0 /* BusinessFramework.swift */; };
		E6AF5ADB299CB4420057E75E /* AppDelegate.swift in Sources */ = {isa = PBXBuildFile; fileRef = E6AF5ADA299CB4420057E75E /* AppDelegate.swift */; };
		E6AF5ADD299CB4420057E75E /* SceneDelegate.swift in Sources */ = {isa = PBXBuildFile; fileRef = E6AF5ADC299CB4420057E75E /* SceneDelegate.swift */; };
		E6AF5ADF299CB4420057E75E /* ViewController.swift in Sources */ = {isa = PBXBuildFile; fileRef = E6AF5ADE299CB4420057E75E /* ViewController.swift */; };
		E6AF5AE2299CB4420057E75E /* Main.storyboard in Resources */ = {isa = PBXBuildFile; fileRef = E6AF5AE0299CB4420057E75E /* Main.storyboard */; };
		E6AF5AE4299CB4430057E75E /* Assets.xcassets in Resources */ = {isa = PBXBuildFile; fileRef = E6AF5AE3299CB4430057E75E /* Assets.xcassets */; };
		E6AF5AE7299CB4430057E75E /* LaunchScreen.storyboard in Resources */ = {isa = PBXBuildFile; fileRef = E6AF5AE5299CB4430057E75E /* LaunchScreen.storyboard */; };
		E6AF5AF2299CB4440057E75E /* PractiseSwiftTests.swift in Sources */ = {isa = PBXBuildFile; fileRef = E6AF5AF1299CB4440057E75E /* PractiseSwiftTests.swift */; };
		E6AF5AFC299CB4440057E75E /* PractiseSwiftUITests.swift in Sources */ = {isa = PBXBuildFile; fileRef = E6AF5AFB299CB4440057E75E /* PractiseSwiftUITests.swift */; };
		E6AF5AFE299CB4440057E75E /* PractiseSwiftUITestsLaunchTests.swift in Sources */ = {isa = PBXBuildFile; fileRef = E6AF5AFD299CB4440057E75E /* PractiseSwiftUITestsLaunchTests.swift */; };
		E6E9DC29808B569D74A91529 /* Pods_PractiseSwift.framework in Frameworks */ = {isa = PBXBuildFile; fileRef = 1D6587414D4B2EA975480C36 /* Pods_PractiseSwift.framework */; };
/* End PBXBuildFile section */

/* Begin PBXContainerItemProxy section */
		E6AF5AEE299CB4440057E75E /* PBXContainerItemProxy */ = {
			isa = PBXContainerItemProxy;
			containerPortal = E6AF5ACF299CB4420057E75E /* Project object */;
			proxyType = 1;
			remoteGlobalIDString = E6AF5AD6299CB4420057E75E;
			remoteInfo = PractiseSwift;
		};
		E6AF5AF8299CB4440057E75E /* PBXContainerItemProxy */ = {
			isa = PBXContainerItemProxy;
			containerPortal = E6AF5ACF299CB4420057E75E /* Project object */;
			proxyType = 1;
			remoteGlobalIDString = E6AF5AD6299CB4420057E75E;
			remoteInfo = PractiseSwift;
		};
/* End PBXContainerItemProxy section */

/* Begin PBXFileReference section */
		004011F7E90820F9AA85244A /* Pods_PractiseSwiftTests.framework */ = {isa = PBXFileReference; explicitFileType = wrapper.framework; includeInIndex = 0; path = Pods_PractiseSwiftTests.framework; sourceTree = BUILT_PRODUCTS_DIR; };
		0A1D099D97BFFC7A56ED9F83 /* Pods-PractiseSwift.debug.xcconfig */ = {isa = PBXFileReference; includeInIndex = 1; lastKnownFileType = text.xcconfig; name = "Pods-PractiseSwift.debug.xcconfig"; path = "Target Support Files/Pods-PractiseSwift/Pods-PractiseSwift.debug.xcconfig"; sourceTree = "<group>"; };
		1D48DF1A139F9E1566A0B3CC /* Pods-PractiseSwift-PractiseSwiftUITests.release.xcconfig */ = {isa = PBXFileReference; includeInIndex = 1; lastKnownFileType = text.xcconfig; name = "Pods-PractiseSwift-PractiseSwiftUITests.release.xcconfig"; path = "Target Support Files/Pods-PractiseSwift-PractiseSwiftUITests/Pods-PractiseSwift-PractiseSwiftUITests.release.xcconfig"; sourceTree = "<group>"; };
		1D6587414D4B2EA975480C36 /* Pods_PractiseSwift.framework */ = {isa = PBXFileReference; explicitFileType = wrapper.framework; includeInIndex = 0; path = Pods_PractiseSwift.framework; sourceTree = BUILT_PRODUCTS_DIR; };
		4BB307C724716604ACA82508 /* Pods-PractiseSwift-PractiseSwiftUITests.debug.xcconfig */ = {isa = PBXFileReference; includeInIndex = 1; lastKnownFileType = text.xcconfig; name = "Pods-PractiseSwift-PractiseSwiftUITests.debug.xcconfig"; path = "Target Support Files/Pods-PractiseSwift-PractiseSwiftUITests/Pods-PractiseSwift-PractiseSwiftUITests.debug.xcconfig"; sourceTree = "<group>"; };
		8E62929A91923ED13016793D /* Pods_PractiseSwift_PractiseSwiftUITests.framework */ = {isa = PBXFileReference; explicitFileType = wrapper.framework; includeInIndex = 0; path = Pods_PractiseSwift_PractiseSwiftUITests.framework; sourceTree = BUILT_PRODUCTS_DIR; };
		910CED7DA3943D9AA433B867 /* Pods-PractiseSwiftTests.debug.xcconfig */ = {isa = PBXFileReference; includeInIndex = 1; lastKnownFileType = text.xcconfig; name = "Pods-PractiseSwiftTests.debug.xcconfig"; path = "Target Support Files/Pods-PractiseSwiftTests/Pods-PractiseSwiftTests.debug.xcconfig"; sourceTree = "<group>"; };
		A4D28A16F38546FDDC2BE4A2 /* Pods-PractiseSwiftTests.release.xcconfig */ = {isa = PBXFileReference; includeInIndex = 1; lastKnownFileType = text.xcconfig; name = "Pods-PractiseSwiftTests.release.xcconfig"; path = "Target Support Files/Pods-PractiseSwiftTests/Pods-PractiseSwiftTests.release.xcconfig"; sourceTree = "<group>"; };
		B27236D460B1B5990869AF2C /* Pods-PractiseSwift.release.xcconfig */ = {isa = PBXFileReference; includeInIndex = 1; lastKnownFileType = text.xcconfig; name = "Pods-PractiseSwift.release.xcconfig"; path = "Target Support Files/Pods-PractiseSwift/Pods-PractiseSwift.release.xcconfig"; sourceTree = "<group>"; };
		E630A533299D16C6001FBFD0 /* BusinessFramework.swift */ = {isa = PBXFileReference; lastKnownFileType = sourcecode.swift; path = BusinessFramework.swift; sourceTree = "<group>"; };
		E6AF5AD7299CB4420057E75E /* PractiseSwift.app */ = {isa = PBXFileReference; explicitFileType = wrapper.application; includeInIndex = 0; path = PractiseSwift.app; sourceTree = BUILT_PRODUCTS_DIR; };
		E6AF5ADA299CB4420057E75E /* AppDelegate.swift */ = {isa = PBXFileReference; lastKnownFileType = sourcecode.swift; path = AppDelegate.swift; sourceTree = "<group>"; };
		E6AF5ADC299CB4420057E75E /* SceneDelegate.swift */ = {isa = PBXFileReference; lastKnownFileType = sourcecode.swift; path = SceneDelegate.swift; sourceTree = "<group>"; };
		E6AF5ADE299CB4420057E75E /* ViewController.swift */ = {isa = PBXFileReference; lastKnownFileType = sourcecode.swift; path = ViewController.swift; sourceTree = "<group>"; };
		E6AF5AE1299CB4420057E75E /* Base */ = {isa = PBXFileReference; lastKnownFileType = file.storyboard; name = Base; path = Base.lproj/Main.storyboard; sourceTree = "<group>"; };
		E6AF5AE3299CB4430057E75E /* Assets.xcassets */ = {isa = PBXFileReference; lastKnownFileType = folder.assetcatalog; path = Assets.xcassets; sourceTree = "<group>"; };
		E6AF5AE6299CB4430057E75E /* Base */ = {isa = PBXFileReference; lastKnownFileType = file.storyboard; name = Base; path = Base.lproj/LaunchScreen.storyboard; sourceTree = "<group>"; };
		E6AF5AE8299CB4430057E75E /* Info.plist */ = {isa = PBXFileReference; lastKnownFileType = text.plist.xml; path = Info.plist; sourceTree = "<group>"; };
		E6AF5AED299CB4440057E75E /* PractiseSwiftTests.xctest */ = {isa = PBXFileReference; explicitFileType = wrapper.cfbundle; includeInIndex = 0; path = PractiseSwiftTests.xctest; sourceTree = BUILT_PRODUCTS_DIR; };
		E6AF5AF1299CB4440057E75E /* PractiseSwiftTests.swift */ = {isa = PBXFileReference; lastKnownFileType = sourcecode.swift; path = PractiseSwiftTests.swift; sourceTree = "<group>"; };
		E6AF5AF7299CB4440057E75E /* PractiseSwiftUITests.xctest */ = {isa = PBXFileReference; explicitFileType = wrapper.cfbundle; includeInIndex = 0; path = PractiseSwiftUITests.xctest; sourceTree = BUILT_PRODUCTS_DIR; };
		E6AF5AFB299CB4440057E75E /* PractiseSwiftUITests.swift */ = {isa = PBXFileReference; lastKnownFileType = sourcecode.swift; path = PractiseSwiftUITests.swift; sourceTree = "<group>"; };
		E6AF5AFD299CB4440057E75E /* PractiseSwiftUITestsLaunchTests.swift */ = {isa = PBXFileReference; lastKnownFileType = sourcecode.swift; path = PractiseSwiftUITestsLaunchTests.swift; sourceTree = "<group>"; };
/* End PBXFileReference section */

/* Begin PBXFrameworksBuildPhase section */
		E6AF5AD4299CB4420057E75E /* Frameworks */ = {
			isa = PBXFrameworksBuildPhase;
			buildActionMask = 2147483647;
			files = (
				E6E9DC29808B569D74A91529 /* Pods_PractiseSwift.framework in Frameworks */,
			);
			runOnlyForDeploymentPostprocessing = 0;
		};
		E6AF5AEA299CB4440057E75E /* Frameworks */ = {
			isa = PBXFrameworksBuildPhase;
			buildActionMask = 2147483647;
			files = (
				2022E6FEF50962EB89F5C8FB /* Pods_PractiseSwiftTests.framework in Frameworks */,
			);
			runOnlyForDeploymentPostprocessing = 0;
		};
		E6AF5AF4299CB4440057E75E /* Frameworks */ = {
			isa = PBXFrameworksBuildPhase;
			buildActionMask = 2147483647;
			files = (
				468A455439D198256DA87229 /* Pods_PractiseSwift_PractiseSwiftUITests.framework in Frameworks */,
			);
			runOnlyForDeploymentPostprocessing = 0;
		};
/* End PBXFrameworksBuildPhase section */

/* Begin PBXGroup section */
		1130C43994809737C195D436 /* Pods */ = {
			isa = PBXGroup;
			children = (
				0A1D099D97BFFC7A56ED9F83 /* Pods-PractiseSwift.debug.xcconfig */,
				B27236D460B1B5990869AF2C /* Pods-PractiseSwift.release.xcconfig */,
				4BB307C724716604ACA82508 /* Pods-PractiseSwift-PractiseSwiftUITests.debug.xcconfig */,
				1D48DF1A139F9E1566A0B3CC /* Pods-PractiseSwift-PractiseSwiftUITests.release.xcconfig */,
				910CED7DA3943D9AA433B867 /* Pods-PractiseSwiftTests.debug.xcconfig */,
				A4D28A16F38546FDDC2BE4A2 /* Pods-PractiseSwiftTests.release.xcconfig */,
			);
			name = Pods;
			path = Pods;
			sourceTree = "<group>";
		};
		4A192F1F43B8EEF58737604A /* Frameworks */ = {
			isa = PBXGroup;
			children = (
				1D6587414D4B2EA975480C36 /* Pods_PractiseSwift.framework */,
				8E62929A91923ED13016793D /* Pods_PractiseSwift_PractiseSwiftUITests.framework */,
				004011F7E90820F9AA85244A /* Pods_PractiseSwiftTests.framework */,
			);
			name = Frameworks;
			sourceTree = "<group>";
		};
		E630A532299D164A001FBFD0 /* CoreFrameWork */ = {
			isa = PBXGroup;
			children = (
				E630A533299D16C6001FBFD0 /* BusinessFramework.swift */,
			);
			path = CoreFrameWork;
			sourceTree = "<group>";
		};
		E6AF5ACE299CB4420057E75E = {
			isa = PBXGroup;
			children = (
				E6AF5AD9299CB4420057E75E /* PractiseSwift */,
				E6AF5AF0299CB4440057E75E /* PractiseSwiftTests */,
				E6AF5AFA299CB4440057E75E /* PractiseSwiftUITests */,
				E6AF5AD8299CB4420057E75E /* Products */,
				1130C43994809737C195D436 /* Pods */,
				4A192F1F43B8EEF58737604A /* Frameworks */,
			);
			sourceTree = "<group>";
		};
		E6AF5AD8299CB4420057E75E /* Products */ = {
			isa = PBXGroup;
			children = (
				E6AF5AD7299CB4420057E75E /* PractiseSwift.app */,
				E6AF5AED299CB4440057E75E /* PractiseSwiftTests.xctest */,
				E6AF5AF7299CB4440057E75E /* PractiseSwiftUITests.xctest */,
			);
			name = Products;
			sourceTree = "<group>";
		};
		E6AF5AD9299CB4420057E75E /* PractiseSwift */ = {
			isa = PBXGroup;
			children = (
				E630A532299D164A001FBFD0 /* CoreFrameWork */,
				E6AF5ADA299CB4420057E75E /* AppDelegate.swift */,
				E6AF5ADC299CB4420057E75E /* SceneDelegate.swift */,
				E6AF5ADE299CB4420057E75E /* ViewController.swift */,
				E6AF5AE0299CB4420057E75E /* Main.storyboard */,
				E6AF5AE3299CB4430057E75E /* Assets.xcassets */,
				E6AF5AE5299CB4430057E75E /* LaunchScreen.storyboard */,
				E6AF5AE8299CB4430057E75E /* Info.plist */,
			);
			path = PractiseSwift;
			sourceTree = "<group>";
		};
		E6AF5AF0299CB4440057E75E /* PractiseSwiftTests */ = {
			isa = PBXGroup;
			children = (
				E6AF5AF1299CB4440057E75E /* PractiseSwiftTests.swift */,
			);
			path = PractiseSwiftTests;
			sourceTree = "<group>";
		};
		E6AF5AFA299CB4440057E75E /* PractiseSwiftUITests */ = {
			isa = PBXGroup;
			children = (
				E6AF5AFB299CB4440057E75E /* PractiseSwiftUITests.swift */,
				E6AF5AFD299CB4440057E75E /* PractiseSwiftUITestsLaunchTests.swift */,
			);
			path = PractiseSwiftUITests;
			sourceTree = "<group>";
		};
/* End PBXGroup section */

/* Begin PBXNativeTarget section */
		E6AF5AD6299CB4420057E75E /* PractiseSwift */ = {
			isa = PBXNativeTarget;
			buildConfigurationList = E6AF5B01299CB4440057E75E /* Build configuration list for PBXNativeTarget "PractiseSwift" */;
			buildPhases = (
				BD628BEC1FE4D7E4328DAE78 /* [CP] Check Pods Manifest.lock */,
				E6AF5AD3299CB4420057E75E /* Sources */,
				E6AF5AD4299CB4420057E75E /* Frameworks */,
				E6AF5AD5299CB4420057E75E /* Resources */,
				B77DD88B77FF28965FE8CA5E /* [CP] Embed Pods Frameworks */,
			);
			buildRules = (
			);
			dependencies = (
			);
			name = PractiseSwift;
			productName = PractiseSwift;
			productReference = E6AF5AD7299CB4420057E75E /* PractiseSwift.app */;
			productType = "com.apple.product-type.application";
		};
		E6AF5AEC299CB4440057E75E /* PractiseSwiftTests */ = {
			isa = PBXNativeTarget;
			buildConfigurationList = E6AF5B04299CB4440057E75E /* Build configuration list for PBXNativeTarget "PractiseSwiftTests" */;
			buildPhases = (
				D617A310FEBA8EC6D448AA11 /* [CP] Check Pods Manifest.lock */,
				E6AF5AE9299CB4440057E75E /* Sources */,
				E6AF5AEA299CB4440057E75E /* Frameworks */,
				E6AF5AEB299CB4440057E75E /* Resources */,
			);
			buildRules = (
			);
			dependencies = (
				E6AF5AEF299CB4440057E75E /* PBXTargetDependency */,
			);
			name = PractiseSwiftTests;
			productName = PractiseSwiftTests;
			productReference = E6AF5AED299CB4440057E75E /* PractiseSwiftTests.xctest */;
			productType = "com.apple.product-type.bundle.unit-test";
		};
		E6AF5AF6299CB4440057E75E /* PractiseSwiftUITests */ = {
			isa = PBXNativeTarget;
			buildConfigurationList = E6AF5B07299CB4440057E75E /* Build configuration list for PBXNativeTarget "PractiseSwiftUITests" */;
			buildPhases = (
				8CDAEEB615046F731D47D577 /* [CP] Check Pods Manifest.lock */,
				E6AF5AF3299CB4440057E75E /* Sources */,
				E6AF5AF4299CB4440057E75E /* Frameworks */,
				E6AF5AF5299CB4440057E75E /* Resources */,
				E6723672CB9141C63D4F05EF /* [CP] Embed Pods Frameworks */,
			);
			buildRules = (
			);
			dependencies = (
				E6AF5AF9299CB4440057E75E /* PBXTargetDependency */,
			);
			name = PractiseSwiftUITests;
			productName = PractiseSwiftUITests;
			productReference = E6AF5AF7299CB4440057E75E /* PractiseSwiftUITests.xctest */;
			productType = "com.apple.product-type.bundle.ui-testing";
		};
/* End PBXNativeTarget section */

/* Begin PBXProject section */
		E6AF5ACF299CB4420057E75E /* Project object */ = {
			isa = PBXProject;
			attributes = {
				BuildIndependentTargetsInParallel = 1;
				LastSwiftUpdateCheck = 1320;
				LastUpgradeCheck = 1320;
				TargetAttributes = {
					E6AF5AD6299CB4420057E75E = {
						CreatedOnToolsVersion = 13.2.1;
					};
					E6AF5AEC299CB4440057E75E = {
						CreatedOnToolsVersion = 13.2.1;
						TestTargetID = E6AF5AD6299CB4420057E75E;
					};
					E6AF5AF6299CB4440057E75E = {
						CreatedOnToolsVersion = 13.2.1;
						TestTargetID = E6AF5AD6299CB4420057E75E;
					};
				};
			};
			buildConfigurationList = E6AF5AD2299CB4420057E75E /* Build configuration list for PBXProject "PractiseSwift" */;
			compatibilityVersion = "Xcode 13.0";
			developmentRegion = en;
			hasScannedForEncodings = 0;
			knownRegions = (
				en,
				Base,
			);
			mainGroup = E6AF5ACE299CB4420057E75E;
			productRefGroup = E6AF5AD8299CB4420057E75E /* Products */;
			projectDirPath = "";
			projectRoot = "";
			targets = (
				E6AF5AD6299CB4420057E75E /* PractiseSwift */,
				E6AF5AEC299CB4440057E75E /* PractiseSwiftTests */,
				E6AF5AF6299CB4440057E75E /* PractiseSwiftUITests */,
			);
		};
/* End PBXProject section */

/* Begin PBXResourcesBuildPhase section */
		E6AF5AD5299CB4420057E75E /* Resources */ = {
			isa = PBXResourcesBuildPhase;
			buildActionMask = 2147483647;
			files = (
				E6AF5AE7299CB4430057E75E /* LaunchScreen.storyboard in Resources */,
				E6AF5AE4299CB4430057E75E /* Assets.xcassets in Resources */,
				E6AF5AE2299CB4420057E75E /* Main.storyboard in Resources */,
			);
			runOnlyForDeploymentPostprocessing = 0;
		};
		E6AF5AEB299CB4440057E75E /* Resources */ = {
			isa = PBXResourcesBuildPhase;
			buildActionMask = 2147483647;
			files = (
			);
			runOnlyForDeploymentPostprocessing = 0;
		};
		E6AF5AF5299CB4440057E75E /* Resources */ = {
			isa = PBXResourcesBuildPhase;
			buildActionMask = 2147483647;
			files = (
			);
			runOnlyForDeploymentPostprocessing = 0;
		};
/* End PBXResourcesBuildPhase section */

/* Begin PBXShellScriptBuildPhase section */
		8CDAEEB615046F731D47D577 /* [CP] Check Pods Manifest.lock */ = {
			isa = PBXShellScriptBuildPhase;
			buildActionMask = 2147483647;
			files = (
			);
			inputFileListPaths = (
			);
			inputPaths = (
				"${PODS_PODFILE_DIR_PATH}/Podfile.lock",
				"${PODS_ROOT}/Manifest.lock",
			);
			name = "[CP] Check Pods Manifest.lock";
			outputFileListPaths = (
			);
			outputPaths = (
				"$(DERIVED_FILE_DIR)/Pods-PractiseSwift-PractiseSwiftUITests-checkManifestLockResult.txt",
			);
			runOnlyForDeploymentPostprocessing = 0;
			shellPath = /bin/sh;
			shellScript = "diff \"${PODS_PODFILE_DIR_PATH}/Podfile.lock\" \"${PODS_ROOT}/Manifest.lock\" > /dev/null\nif [ $? != 0 ] ; then\n    # print error to STDERR\n    echo \"error: The sandbox is not in sync with the Podfile.lock. Run 'pod install' or update your CocoaPods installation.\" >&2\n    exit 1\nfi\n# This output is used by Xcode 'outputs' to avoid re-running this script phase.\necho \"SUCCESS\" > \"${SCRIPT_OUTPUT_FILE_0}\"\n";
			showEnvVarsInLog = 0;
		};
		B77DD88B77FF28965FE8CA5E /* [CP] Embed Pods Frameworks */ = {
			isa = PBXShellScriptBuildPhase;
			buildActionMask = 2147483647;
			files = (
			);
			inputFileListPaths = (
				"${PODS_ROOT}/Target Support Files/Pods-PractiseSwift/Pods-PractiseSwift-frameworks-${CONFIGURATION}-input-files.xcfilelist",
			);
			name = "[CP] Embed Pods Frameworks";
			outputFileListPaths = (
				"${PODS_ROOT}/Target Support Files/Pods-PractiseSwift/Pods-PractiseSwift-frameworks-${CONFIGURATION}-output-files.xcfilelist",
			);
			runOnlyForDeploymentPostprocessing = 0;
			shellPath = /bin/sh;
			shellScript = "\"${PODS_ROOT}/Target Support Files/Pods-PractiseSwift/Pods-PractiseSwift-frameworks.sh\"\n";
			showEnvVarsInLog = 0;
		};
		BD628BEC1FE4D7E4328DAE78 /* [CP] Check Pods Manifest.lock */ = {
			isa = PBXShellScriptBuildPhase;
			buildActionMask = 2147483647;
			files = (
			);
			inputFileListPaths = (
			);
			inputPaths = (
				"${PODS_PODFILE_DIR_PATH}/Podfile.lock",
				"${PODS_ROOT}/Manifest.lock",
			);
			name = "[CP] Check Pods Manifest.lock";
			outputFileListPaths = (
			);
			outputPaths = (
				"$(DERIVED_FILE_DIR)/Pods-PractiseSwift-checkManifestLockResult.txt",
			);
			runOnlyForDeploymentPostprocessing = 0;
			shellPath = /bin/sh;
			shellScript = "diff \"${PODS_PODFILE_DIR_PATH}/Podfile.lock\" \"${PODS_ROOT}/Manifest.lock\" > /dev/null\nif [ $? != 0 ] ; then\n    # print error to STDERR\n    echo \"error: The sandbox is not in sync with the Podfile.lock. Run 'pod install' or update your CocoaPods installation.\" >&2\n    exit 1\nfi\n# This output is used by Xcode 'outputs' to avoid re-running this script phase.\necho \"SUCCESS\" > \"${SCRIPT_OUTPUT_FILE_0}\"\n";
			showEnvVarsInLog = 0;
		};
		D617A310FEBA8EC6D448AA11 /* [CP] Check Pods Manifest.lock */ = {
			isa = PBXShellScriptBuildPhase;
			buildActionMask = 2147483647;
			files = (
			);
			inputFileListPaths = (
			);
			inputPaths = (
				"${PODS_PODFILE_DIR_PATH}/Podfile.lock",
				"${PODS_ROOT}/Manifest.lock",
			);
			name = "[CP] Check Pods Manifest.lock";
			outputFileListPaths = (
			);
			outputPaths = (
				"$(DERIVED_FILE_DIR)/Pods-PractiseSwiftTests-checkManifestLockResult.txt",
			);
			runOnlyForDeploymentPostprocessing = 0;
			shellPath = /bin/sh;
			shellScript = "diff \"${PODS_PODFILE_DIR_PATH}/Podfile.lock\" \"${PODS_ROOT}/Manifest.lock\" > /dev/null\nif [ $? != 0 ] ; then\n    # print error to STDERR\n    echo \"error: The sandbox is not in sync with the Podfile.lock. Run 'pod install' or update your CocoaPods installation.\" >&2\n    exit 1\nfi\n# This output is used by Xcode 'outputs' to avoid re-running this script phase.\necho \"SUCCESS\" > \"${SCRIPT_OUTPUT_FILE_0}\"\n";
			showEnvVarsInLog = 0;
		};
		E6723672CB9141C63D4F05EF /* [CP] Embed Pods Frameworks */ = {
			isa = PBXShellScriptBuildPhase;
			buildActionMask = 2147483647;
			files = (
			);
			inputFileListPaths = (
				"${PODS_ROOT}/Target Support Files/Pods-PractiseSwift-PractiseSwiftUITests/Pods-PractiseSwift-PractiseSwiftUITests-frameworks-${CONFIGURATION}-input-files.xcfilelist",
			);
			name = "[CP] Embed Pods Frameworks";
			outputFileListPaths = (
				"${PODS_ROOT}/Target Support Files/Pods-PractiseSwift-PractiseSwiftUITests/Pods-PractiseSwift-PractiseSwiftUITests-frameworks-${CONFIGURATION}-output-files.xcfilelist",
			);
			runOnlyForDeploymentPostprocessing = 0;
			shellPath = /bin/sh;
			shellScript = "\"${PODS_ROOT}/Target Support Files/Pods-PractiseSwift-PractiseSwiftUITests/Pods-PractiseSwift-PractiseSwiftUITests-frameworks.sh\"\n";
			showEnvVarsInLog = 0;
		};
/* End PBXShellScriptBuildPhase section */

/* Begin PBXSourcesBuildPhase section */
		E6AF5AD3299CB4420057E75E /* Sources */ = {
			isa = PBXSourcesBuildPhase;
			buildActionMask = 2147483647;
			files = (
				E630A534299D16C6001FBFD0 /* BusinessFramework.swift in Sources */,
				E6AF5ADF299CB4420057E75E /* ViewController.swift in Sources */,
				E6AF5ADB299CB4420057E75E /* AppDelegate.swift in Sources */,
				E6AF5ADD299CB4420057E75E /* SceneDelegate.swift in Sources */,
			);
			runOnlyForDeploymentPostprocessing = 0;
		};
		E6AF5AE9299CB4440057E75E /* Sources */ = {
			isa = PBXSourcesBuildPhase;
			buildActionMask = 2147483647;
			files = (
				E6AF5AF2299CB4440057E75E /* PractiseSwiftTests.swift in Sources */,
			);
			runOnlyForDeploymentPostprocessing = 0;
		};
		E6AF5AF3299CB4440057E75E /* Sources */ = {
			isa = PBXSourcesBuildPhase;
			buildActionMask = 2147483647;
			files = (
				E6AF5AFC299CB4440057E75E /* PractiseSwiftUITests.swift in Sources */,
				E6AF5AFE299CB4440057E75E /* PractiseSwiftUITestsLaunchTests.swift in Sources */,
			);
			runOnlyForDeploymentPostprocessing = 0;
		};
/* End PBXSourcesBuildPhase section */

/* Begin PBXTargetDependency section */
		E6AF5AEF299CB4440057E75E /* PBXTargetDependency */ = {
			isa = PBXTargetDependency;
			target = E6AF5AD6299CB4420057E75E /* PractiseSwift */;
			targetProxy = E6AF5AEE299CB4440057E75E /* PBXContainerItemProxy */;
		};
		E6AF5AF9299CB4440057E75E /* PBXTargetDependency */ = {
			isa = PBXTargetDependency;
			target = E6AF5AD6299CB4420057E75E /* PractiseSwift */;
			targetProxy = E6AF5AF8299CB4440057E75E /* PBXContainerItemProxy */;
		};
/* End PBXTargetDependency section */

/* Begin PBXVariantGroup section */
		E6AF5AE0299CB4420057E75E /* Main.storyboard */ = {
			isa = PBXVariantGroup;
			children = (
				E6AF5AE1299CB4420057E75E /* Base */,
			);
			name = Main.storyboard;
			sourceTree = "<group>";
		};
		E6AF5AE5299CB4430057E75E /* LaunchScreen.storyboard */ = {
			isa = PBXVariantGroup;
			children = (
				E6AF5AE6299CB4430057E75E /* Base */,
			);
			name = LaunchScreen.storyboard;
			sourceTree = "<group>";
		};
/* End PBXVariantGroup section */

/* Begin XCBuildConfiguration section */
		E6AF5AFF299CB4440057E75E /* Debug */ = {
			isa = XCBuildConfiguration;
			buildSettings = {
				ALWAYS_SEARCH_USER_PATHS = NO;
				CLANG_ANALYZER_NONNULL = YES;
				CLANG_ANALYZER_NUMBER_OBJECT_CONVERSION = YES_AGGRESSIVE;
				CLANG_CXX_LANGUAGE_STANDARD = "gnu++17";
				CLANG_CXX_LIBRARY = "libc++";
				CLANG_ENABLE_MODULES = YES;
				CLANG_ENABLE_OBJC_ARC = YES;
				CLANG_ENABLE_OBJC_WEAK = YES;
				CLANG_WARN_BLOCK_CAPTURE_AUTORELEASING = YES;
				CLANG_WARN_BOOL_CONVERSION = YES;
				CLANG_WARN_COMMA = YES;
				CLANG_WARN_CONSTANT_CONVERSION = YES;
				CLANG_WARN_DEPRECATED_OBJC_IMPLEMENTATIONS = YES;
				CLANG_WARN_DIRECT_OBJC_ISA_USAGE = YES_ERROR;
				CLANG_WARN_DOCUMENTATION_COMMENTS = YES;
				CLANG_WARN_EMPTY_BODY = YES;
				CLANG_WARN_ENUM_CONVERSION = YES;
				CLANG_WARN_INFINITE_RECURSION = YES;
				CLANG_WARN_INT_CONVERSION = YES;
				CLANG_WARN_NON_LITERAL_NULL_CONVERSION = YES;
				CLANG_WARN_OBJC_IMPLICIT_RETAIN_SELF = YES;
				CLANG_WARN_OBJC_LITERAL_CONVERSION = YES;
				CLANG_WARN_OBJC_ROOT_CLASS = YES_ERROR;
				CLANG_WARN_QUOTED_INCLUDE_IN_FRAMEWORK_HEADER = YES;
				CLANG_WARN_RANGE_LOOP_ANALYSIS = YES;
				CLANG_WARN_STRICT_PROTOTYPES = YES;
				CLANG_WARN_SUSPICIOUS_MOVE = YES;
				CLANG_WARN_UNGUARDED_AVAILABILITY = YES_AGGRESSIVE;
				CLANG_WARN_UNREACHABLE_CODE = YES;
				CLANG_WARN__DUPLICATE_METHOD_MATCH = YES;
				COPY_PHASE_STRIP = NO;
				DEBUG_INFORMATION_FORMAT = dwarf;
				ENABLE_STRICT_OBJC_MSGSEND = YES;
				ENABLE_TESTABILITY = YES;
				GCC_C_LANGUAGE_STANDARD = gnu11;
				GCC_DYNAMIC_NO_PIC = NO;
				GCC_NO_COMMON_BLOCKS = YES;
				GCC_OPTIMIZATION_LEVEL = 0;
				GCC_PREPROCESSOR_DEFINITIONS = (
					"DEBUG=1",
					"$(inherited)",
				);
				GCC_WARN_64_TO_32_BIT_CONVERSION = YES;
				GCC_WARN_ABOUT_RETURN_TYPE = YES_ERROR;
				GCC_WARN_UNDECLARED_SELECTOR = YES;
				GCC_WARN_UNINITIALIZED_AUTOS = YES_AGGRESSIVE;
				GCC_WARN_UNUSED_FUNCTION = YES;
				GCC_WARN_UNUSED_VARIABLE = YES;
				IPHONEOS_DEPLOYMENT_TARGET = 15.4;
				MTL_ENABLE_DEBUG_INFO = INCLUDE_SOURCE;
				MTL_FAST_MATH = YES;
				ONLY_ACTIVE_ARCH = YES;
				SDKROOT = iphoneos;
				SWIFT_ACTIVE_COMPILATION_CONDITIONS = DEBUG;
				SWIFT_OPTIMIZATION_LEVEL = "-Onone";
			};
			name = Debug;
		};
		E6AF5B00299CB4440057E75E /* Release */ = {
			isa = XCBuildConfiguration;
			buildSettings = {
				ALWAYS_SEARCH_USER_PATHS = NO;
				CLANG_ANALYZER_NONNULL = YES;
				CLANG_ANALYZER_NUMBER_OBJECT_CONVERSION = YES_AGGRESSIVE;
				CLANG_CXX_LANGUAGE_STANDARD = "gnu++17";
				CLANG_CXX_LIBRARY = "libc++";
				CLANG_ENABLE_MODULES = YES;
				CLANG_ENABLE_OBJC_ARC = YES;
				CLANG_ENABLE_OBJC_WEAK = YES;
				CLANG_WARN_BLOCK_CAPTURE_AUTORELEASING = YES;
				CLANG_WARN_BOOL_CONVERSION = YES;
				CLANG_WARN_COMMA = YES;
				CLANG_WARN_CONSTANT_CONVERSION = YES;
				CLANG_WARN_DEPRECATED_OBJC_IMPLEMENTATIONS = YES;
				CLANG_WARN_DIRECT_OBJC_ISA_USAGE = YES_ERROR;
				CLANG_WARN_DOCUMENTATION_COMMENTS = YES;
				CLANG_WARN_EMPTY_BODY = YES;
				CLANG_WARN_ENUM_CONVERSION = YES;
				CLANG_WARN_INFINITE_RECURSION = YES;
				CLANG_WARN_INT_CONVERSION = YES;
				CLANG_WARN_NON_LITERAL_NULL_CONVERSION = YES;
				CLANG_WARN_OBJC_IMPLICIT_RETAIN_SELF = YES;
				CLANG_WARN_OBJC_LITERAL_CONVERSION = YES;
				CLANG_WARN_OBJC_ROOT_CLASS = YES_ERROR;
				CLANG_WARN_QUOTED_INCLUDE_IN_FRAMEWORK_HEADER = YES;
				CLANG_WARN_RANGE_LOOP_ANALYSIS = YES;
				CLANG_WARN_STRICT_PROTOTYPES = YES;
				CLANG_WARN_SUSPICIOUS_MOVE = YES;
				CLANG_WARN_UNGUARDED_AVAILABILITY = YES_AGGRESSIVE;
				CLANG_WARN_UNREACHABLE_CODE = YES;
				CLANG_WARN__DUPLICATE_METHOD_MATCH = YES;
				COPY_PHASE_STRIP = NO;
				DEBUG_INFORMATION_FORMAT = "dwarf-with-dsym";
				ENABLE_NS_ASSERTIONS = NO;
				ENABLE_STRICT_OBJC_MSGSEND = YES;
				GCC_C_LANGUAGE_STANDARD = gnu11;
				GCC_NO_COMMON_BLOCKS = YES;
				GCC_WARN_64_TO_32_BIT_CONVERSION = YES;
				GCC_WARN_ABOUT_RETURN_TYPE = YES_ERROR;
				GCC_WARN_UNDECLARED_SELECTOR = YES;
				GCC_WARN_UNINITIALIZED_AUTOS = YES_AGGRESSIVE;
				GCC_WARN_UNUSED_FUNCTION = YES;
				GCC_WARN_UNUSED_VARIABLE = YES;
				IPHONEOS_DEPLOYMENT_TARGET = 15.4;
				MTL_ENABLE_DEBUG_INFO = NO;
				MTL_FAST_MATH = YES;
				SDKROOT = iphoneos;
				SWIFT_COMPILATION_MODE = wholemodule;
				SWIFT_OPTIMIZATION_LEVEL = "-O";
				VALIDATE_PRODUCT = YES;
			};
			name = Release;
		};
		E6AF5B02299CB4440057E75E /* Debug */ = {
			isa = XCBuildConfiguration;
			baseConfigurationReference = 0A1D099D97BFFC7A56ED9F83 /* Pods-PractiseSwift.debug.xcconfig */;
			buildSettings = {
				ASSETCATALOG_COMPILER_APPICON_NAME = AppIcon;
				ASSETCATALOG_COMPILER_GLOBAL_ACCENT_COLOR_NAME = AccentColor;
				CODE_SIGN_STYLE = Automatic;
				CURRENT_PROJECT_VERSION = 1;
				GENERATE_INFOPLIST_FILE = YES;
				INFOPLIST_FILE = PractiseSwift/Info.plist;
				INFOPLIST_KEY_UIApplicationSupportsIndirectInputEvents = YES;
				INFOPLIST_KEY_UILaunchStoryboardName = LaunchScreen;
				INFOPLIST_KEY_UIMainStoryboardFile = Main;
				INFOPLIST_KEY_UISupportedInterfaceOrientations_iPad = "UIInterfaceOrientationPortrait UIInterfaceOrientationPortraitUpsideDown UIInterfaceOrientationLandscapeLeft UIInterfaceOrientationLandscapeRight";
				INFOPLIST_KEY_UISupportedInterfaceOrientations_iPhone = "UIInterfaceOrientationPortrait UIInterfaceOrientationLandscapeLeft UIInterfaceOrientationLandscapeRight";
				IPHONEOS_DEPLOYMENT_TARGET = 13.0;
				LD_RUNPATH_SEARCH_PATHS = (
					"$(inherited)",
					"@executable_path/Frameworks",
				);
				MARKETING_VERSION = 1.0;
				PRODUCT_BUNDLE_IDENTIFIER = com.weathertest.max.PractiseSwift;
				PRODUCT_NAME = "$(TARGET_NAME)";
				SWIFT_EMIT_LOC_STRINGS = YES;
				SWIFT_VERSION = 5.0;
				TARGETED_DEVICE_FAMILY = "1,2";
			};
			name = Debug;
		};
		E6AF5B03299CB4440057E75E /* Release */ = {
			isa = XCBuildConfiguration;
			baseConfigurationReference = B27236D460B1B5990869AF2C /* Pods-PractiseSwift.release.xcconfig */;
			buildSettings = {
				ASSETCATALOG_COMPILER_APPICON_NAME = AppIcon;
				ASSETCATALOG_COMPILER_GLOBAL_ACCENT_COLOR_NAME = AccentColor;
				CODE_SIGN_STYLE = Automatic;
				CURRENT_PROJECT_VERSION = 1;
				GENERATE_INFOPLIST_FILE = YES;
				INFOPLIST_FILE = PractiseSwift/Info.plist;
				INFOPLIST_KEY_UIApplicationSupportsIndirectInputEvents = YES;
				INFOPLIST_KEY_UILaunchStoryboardName = LaunchScreen;
				INFOPLIST_KEY_UIMainStoryboardFile = Main;
				INFOPLIST_KEY_UISupportedInterfaceOrientations_iPad = "UIInterfaceOrientationPortrait UIInterfaceOrientationPortraitUpsideDown UIInterfaceOrientationLandscapeLeft UIInterfaceOrientationLandscapeRight";
				INFOPLIST_KEY_UISupportedInterfaceOrientations_iPhone = "UIInterfaceOrientationPortrait UIInterfaceOrientationLandscapeLeft UIInterfaceOrientationLandscapeRight";
				IPHONEOS_DEPLOYMENT_TARGET = 13.0;
				LD_RUNPATH_SEARCH_PATHS = (
					"$(inherited)",
					"@executable_path/Frameworks",
				);
				MARKETING_VERSION = 1.0;
				PRODUCT_BUNDLE_IDENTIFIER = com.weathertest.max.PractiseSwift;
				PRODUCT_NAME = "$(TARGET_NAME)";
				SWIFT_EMIT_LOC_STRINGS = YES;
				SWIFT_VERSION = 5.0;
				TARGETED_DEVICE_FAMILY = "1,2";
			};
			name = Release;
		};
		E6AF5B05299CB4440057E75E /* Debug */ = {
			isa = XCBuildConfiguration;
			baseConfigurationReference = 910CED7DA3943D9AA433B867 /* Pods-PractiseSwiftTests.debug.xcconfig */;
			buildSettings = {
				ALWAYS_EMBED_SWIFT_STANDARD_LIBRARIES = YES;
				BUNDLE_LOADER = "$(TEST_HOST)";
				CODE_SIGN_STYLE = Automatic;
				CURRENT_PROJECT_VERSION = 1;
				GENERATE_INFOPLIST_FILE = YES;
				IPHONEOS_DEPLOYMENT_TARGET = 15.4;
				MARKETING_VERSION = 1.0;
				PRODUCT_BUNDLE_IDENTIFIER = com.weathertest.max.PractiseSwiftTests;
				PRODUCT_NAME = "$(TARGET_NAME)";
				SWIFT_EMIT_LOC_STRINGS = NO;
				SWIFT_VERSION = 5.0;
				TARGETED_DEVICE_FAMILY = "1,2";
				TEST_HOST = "$(BUILT_PRODUCTS_DIR)/PractiseSwift.app/PractiseSwift";
			};
			name = Debug;
		};
		E6AF5B06299CB4440057E75E /* Release */ = {
			isa = XCBuildConfiguration;
			baseConfigurationReference = A4D28A16F38546FDDC2BE4A2 /* Pods-PractiseSwiftTests.release.xcconfig */;
			buildSettings = {
				ALWAYS_EMBED_SWIFT_STANDARD_LIBRARIES = YES;
				BUNDLE_LOADER = "$(TEST_HOST)";
				CODE_SIGN_STYLE = Automatic;
				CURRENT_PROJECT_VERSION = 1;
				GENERATE_INFOPLIST_FILE = YES;
				IPHONEOS_DEPLOYMENT_TARGET = 15.4;
				MARKETING_VERSION = 1.0;
				PRODUCT_BUNDLE_IDENTIFIER = com.weathertest.max.PractiseSwiftTests;
				PRODUCT_NAME = "$(TARGET_NAME)";
				SWIFT_EMIT_LOC_STRINGS = NO;
				SWIFT_VERSION = 5.0;
				TARGETED_DEVICE_FAMILY = "1,2";
				TEST_HOST = "$(BUILT_PRODUCTS_DIR)/PractiseSwift.app/PractiseSwift";
			};
			name = Release;
		};
		E6AF5B08299CB4440057E75E /* Debug */ = {
			isa = XCBuildConfiguration;
			baseConfigurationReference = 4BB307C724716604ACA82508 /* Pods-PractiseSwift-PractiseSwiftUITests.debug.xcconfig */;
			buildSettings = {
				ALWAYS_EMBED_SWIFT_STANDARD_LIBRARIES = YES;
				CODE_SIGN_STYLE = Automatic;
				CURRENT_PROJECT_VERSION = 1;
				GENERATE_INFOPLIST_FILE = YES;
				MARKETING_VERSION = 1.0;
				PRODUCT_BUNDLE_IDENTIFIER = com.weathertest.max.PractiseSwiftUITests;
				PRODUCT_NAME = "$(TARGET_NAME)";
				SWIFT_EMIT_LOC_STRINGS = NO;
				SWIFT_VERSION = 5.0;
				TARGETED_DEVICE_FAMILY = "1,2";
				TEST_TARGET_NAME = PractiseSwift;
			};
			name = Debug;
		};
		E6AF5B09299CB4440057E75E /* Release */ = {
			isa = XCBuildConfiguration;
			baseConfigurationReference = 1D48DF1A139F9E1566A0B3CC /* Pods-PractiseSwift-PractiseSwiftUITests.release.xcconfig */;
			buildSettings = {
				ALWAYS_EMBED_SWIFT_STANDARD_LIBRARIES = YES;
				CODE_SIGN_STYLE = Automatic;
				CURRENT_PROJECT_VERSION = 1;
				GENERATE_INFOPLIST_FILE = YES;
				MARKETING_VERSION = 1.0;
				PRODUCT_BUNDLE_IDENTIFIER = com.weathertest.max.PractiseSwiftUITests;
				PRODUCT_NAME = "$(TARGET_NAME)";
				SWIFT_EMIT_LOC_STRINGS = NO;
				SWIFT_VERSION = 5.0;
				TARGETED_DEVICE_FAMILY = "1,2";
				TEST_TARGET_NAME = PractiseSwift;
			};
			name = Release;
		};
/* End XCBuildConfiguration section */

/* Begin XCConfigurationList section */
		E6AF5AD2299CB4420057E75E /* Build configuration list for PBXProject "PractiseSwift" */ = {
			isa = XCConfigurationList;
			buildConfigurations = (
				E6AF5AFF299CB4440057E75E /* Debug */,
				E6AF5B00299CB4440057E75E /* Release */,
			);
			defaultConfigurationIsVisible = 0;
			defaultConfigurationName = Release;
		};
		E6AF5B01299CB4440057E75E /* Build configuration list for PBXNativeTarget "PractiseSwift" */ = {
			isa = XCConfigurationList;
			buildConfigurations = (
				E6AF5B02299CB4440057E75E /* Debug */,
				E6AF5B03299CB4440057E75E /* Release */,
			);
			defaultConfigurationIsVisible = 0;
			defaultConfigurationName = Release;
		};
		E6AF5B04299CB4440057E75E /* Build configuration list for PBXNativeTarget "PractiseSwiftTests" */ = {
			isa = XCConfigurationList;
			buildConfigurations = (
				E6AF5B05299CB4440057E75E /* Debug */,
				E6AF5B06299CB4440057E75E /* Release */,
			);
			defaultConfigurationIsVisible = 0;
			defaultConfigurationName = Release;
		};
		E6AF5B07299CB4440057E75E /* Build configuration list for PBXNativeTarget "PractiseSwiftUITests" */ = {
			isa = XCConfigurationList;
			buildConfigurations = (
				E6AF5B08299CB4440057E75E /* Debug */,
				E6AF5B09299CB4440057E75E /* Release */,
			);
			defaultConfigurationIsVisible = 0;
			defaultConfigurationName = Release;
		};
/* End XCConfigurationList section */
	};
	rootObject = E6AF5ACF299CB4420057E75E /* Project object */;
}
